
Microsoft Visual Studio Solution File, Format Version 11.00
# Visual Studio 2010
Project("{FAE04EC0-301F-11D3-BF4B-00C04F79EFBC}") = "Griffin.Core", "Griffin.Core\Griffin.Core.csproj", "{8287F9BC-1727-447A-B12B-7AFF9C09DC5A}"
EndProject
Project("{FAE04EC0-301F-11D3-BF4B-00C04F79EFBC}") = "Griffin.MVC", "Griffin.MVC\Griffin.MVC.csproj", "{6FD6C97D-ED67-4752-B776-95ADD38AC039}"
EndProject
Project("{FAE04EC0-301F-11D3-BF4B-00C04F79EFBC}") = "Griffin.Specification", "Griffin.Specification\Griffin.Specification.csproj", "{0A92E936-4A23-48D4-A792-181211EC0F2B}"
EndProject
Project("{FAE04EC0-301F-11D3-BF4B-00C04F79EFBC}") = "Griffin.Networking", "Griffin.Networking\Griffin.Networking.csproj", "{6A40E082-4F3A-4BF7-85C7-81255EE44FEC}"
EndProject
Project("{FAE04EC0-301F-11D3-BF4B-00C04F79EFBC}") = "Griffin.Logging", "Griffin.Logging\Griffin.Logging.csproj", "{CCDBDF6B-7314-4DB6-9481-38307BF1A284}"
EndProject
Project("{FAE04EC0-301F-11D3-BF4B-00C04F79EFBC}") = "Griffin.Logging.Tests", "Griffin.Logging.Tests\Griffin.Logging.Tests.csproj", "{9234D35E-CDBD-4DC7-8848-60363245C3D9}"
EndProject
Project("{FAE04EC0-301F-11D3-BF4B-00C04F79EFBC}") = "Griffin.Core.Tests", "Griffin.Core.Tests\Griffin.Core.Tests.csproj", "{9BA6A6CF-B32A-47B7-BC90-DE9B4380F226}"
EndProject
Project("{FAE04EC0-301F-11D3-BF4B-00C04F79EFBC}") = "Griffin.Networking.Tests", "Griffin.Networking.Tests\Griffin.Networking.Tests.csproj", "{4266A018-38B0-489E-926F-8880FA6372F4}"
EndProject
Global
	GlobalSection(SolutionConfigurationPlatforms) = preSolution
		Debug|Any CPU = Debug|Any CPU
		Release|Any CPU = Release|Any CPU
	EndGlobalSection
	GlobalSection(ProjectConfigurationPlatforms) = postSolution
		{8287F9BC-1727-447A-B12B-7AFF9C09DC5A}.Debug|Any CPU.ActiveCfg = Debug|Any CPU
		{8287F9BC-1727-447A-B12B-7AFF9C09DC5A}.Debug|Any CPU.Build.0 = Debug|Any CPU
		{8287F9BC-1727-447A-B12B-7AFF9C09DC5A}.Release|Any CPU.ActiveCfg = Release|Any CPU
		{8287F9BC-1727-447A-B12B-7AFF9C09DC5A}.Release|Any CPU.Build.0 = Release|Any CPU
		{6FD6C97D-ED67-4752-B776-95ADD38AC039}.Debug|Any CPU.ActiveCfg = Debug|Any CPU
		{6FD6C97D-ED67-4752-B776-95ADD38AC039}.Debug|Any CPU.Build.0 = Debug|Any CPU
		{6FD6C97D-ED67-4752-B776-95ADD38AC039}.Release|Any CPU.ActiveCfg = Release|Any CPU
		{6FD6C97D-ED67-4752-B776-95ADD38AC039}.Release|Any CPU.Build.0 = Release|Any CPU
		{0A92E936-4A23-48D4-A792-181211EC0F2B}.Debug|Any CPU.ActiveCfg = Debug|Any CPU
		{0A92E936-4A23-48D4-A792-181211EC0F2B}.Debug|Any CPU.Build.0 = Debug|Any CPU
		{0A92E936-4A23-48D4-A792-181211EC0F2B}.Release|Any CPU.ActiveCfg = Release|Any CPU
		{0A92E936-4A23-48D4-A792-181211EC0F2B}.Release|Any CPU.Build.0 = Release|Any CPU
		{6A40E082-4F3A-4BF7-85C7-81255EE44FEC}.Debug|Any CPU.ActiveCfg = Debug|Any CPU
		{6A40E082-4F3A-4BF7-85C7-81255EE44FEC}.Debug|Any CPU.Build.0 = Debug|Any CPU
		{6A40E082-4F3A-4BF7-85C7-81255EE44FEC}.Release|Any CPU.ActiveCfg = Release|Any CPU
		{6A40E082-4F3A-4BF7-85C7-81255EE44FEC}.Release|Any CPU.Build.0 = Release|Any CPU
		{CCDBDF6B-7314-4DB6-9481-38307BF1A284}.Debug|Any CPU.ActiveCfg = Debug|Any CPU
		{CCDBDF6B-7314-4DB6-9481-38307BF1A284}.Debug|Any CPU.Build.0 = Debug|Any CPU
		{CCDBDF6B-7314-4DB6-9481-38307BF1A284}.Release|Any CPU.ActiveCfg = Release|Any CPU
		{CCDBDF6B-7314-4DB6-9481-38307BF1A284}.Release|Any CPU.Build.0 = Release|Any CPU
		{9234D35E-CDBD-4DC7-8848-60363245C3D9}.Debug|Any CPU.ActiveCfg = Debug|Any CPU
		{9234D35E-CDBD-4DC7-8848-60363245C3D9}.Debug|Any CPU.Build.0 = Debug|Any CPU
		{9234D35E-CDBD-4DC7-8848-60363245C3D9}.Release|Any CPU.ActiveCfg = Release|Any CPU
		{9234D35E-CDBD-4DC7-8848-60363245C3D9}.Release|Any CPU.Build.0 = Release|Any CPU
		{9BA6A6CF-B32A-47B7-BC90-DE9B4380F226}.Debug|Any CPU.ActiveCfg = Debug|Any CPU
		{9BA6A6CF-B32A-47B7-BC90-DE9B4380F226}.Debug|Any CPU.Build.0 = Debug|Any CPU
		{9BA6A6CF-B32A-47B7-BC90-DE9B4380F226}.Release|Any CPU.ActiveCfg = Release|Any CPU
		{9BA6A6CF-B32A-47B7-BC90-DE9B4380F226}.Release|Any CPU.Build.0 = Release|Any CPU
		{4266A018-38B0-489E-926F-8880FA6372F4}.Debug|Any CPU.ActiveCfg = Debug|Any CPU
		{4266A018-38B0-489E-926F-8880FA6372F4}.Debug|Any CPU.Build.0 = Debug|Any CPU
		{4266A018-38B0-489E-926F-8880FA6372F4}.Release|Any CPU.ActiveCfg = Release|Any CPU
		{4266A018-38B0-489E-926F-8880FA6372F4}.Release|Any CPU.Build.0 = Release|Any CPU
	EndGlobalSection
	GlobalSection(SolutionProperties) = preSolution
		HideSolutionNode = FALSE
	EndGlobalSection
EndGlobal
